{
  "name": "random-names-avengers-dev",
  "version": "1.0.1",
  "lockfileVersion": 2,
  "requires": true,
  "packages": {
    "": {
      "name": "random-names-avengers-dev",
      "version": "1.0.1",
      "license": "MIT",
      "bin": {
        "random-name-avengers": "bin/global.js"
      }
    }
  }
}
